// !$*UTF8*$!
{
	archiveVersion = 1;
	classes = {
	};
	objectVersion = 50;
	objects = {

/* Begin PBXBuildFile section */
		C72F80C9258D3573004BBE42 /* Animation+Extensions.swift in Sources */ = {isa = PBXBuildFile; fileRef = C72F80C8258D3573004BBE42 /* Animation+Extensions.swift */; };
		C73FB5B4258D5D42008714A4 /* RotationView.swift in Sources */ = {isa = PBXBuildFile; fileRef = C73FB5B3258D5D42008714A4 /* RotationView.swift */; };
		C7465F6B258C810400AF510D /* AnimationsApp.swift in Sources */ = {isa = PBXBuildFile; fileRef = C7465F6A258C810400AF510D /* AnimationsApp.swift */; };
		C7465F6F258C810600AF510D /* Assets.xcassets in Resources */ = {isa = PBXBuildFile; fileRef = C7465F6E258C810600AF510D /* Assets.xcassets */; };
		C7465F72258C810600AF510D /* Preview Assets.xcassets in Resources */ = {isa = PBXBuildFile; fileRef = C7465F71258C810600AF510D /* Preview Assets.xcassets */; };
		C7465F7D258C810600AF510D /* AnimationsTests.swift in Sources */ = {isa = PBXBuildFile; fileRef = C7465F7C258C810600AF510D /* AnimationsTests.swift */; };
		C7465F88258C810600AF510D /* AnimationsUITests.swift in Sources */ = {isa = PBXBuildFile; fileRef = C7465F87258C810600AF510D /* AnimationsUITests.swift */; };
		C7465F99258C813800AF510D /* HomeView.swift in Sources */ = {isa = PBXBuildFile; fileRef = C7465F98258C813800AF510D /* HomeView.swift */; };
		C7465FA9258C849600AF510D /* CustomAnimations.swift in Sources */ = {isa = PBXBuildFile; fileRef = C7465FA8258C849600AF510D /* CustomAnimations.swift */; };
		C7465FAE258C856D00AF510D /* TestButton.swift in Sources */ = {isa = PBXBuildFile; fileRef = C7465FAD258C856D00AF510D /* TestButton.swift */; };
		C7465FBA258C88B400AF510D /* CustomAnimationTypeView.swift in Sources */ = {isa = PBXBuildFile; fileRef = C7465FB9258C88B400AF510D /* CustomAnimationTypeView.swift */; };
		C79A8D2F258F243500F4FE82 /* GestureAnimationView.swift in Sources */ = {isa = PBXBuildFile; fileRef = C79A8D2E258F243500F4FE82 /* GestureAnimationView.swift */; };
/* End PBXBuildFile section */

/* Begin PBXContainerItemProxy section */
		C7465F79258C810600AF510D /* PBXContainerItemProxy */ = {
			isa = PBXContainerItemProxy;
			containerPortal = C7465F5F258C810400AF510D /* Project object */;
			proxyType = 1;
			remoteGlobalIDString = C7465F66258C810400AF510D;
			remoteInfo = Animations;
		};
		C7465F84258C810600AF510D /* PBXContainerItemProxy */ = {
			isa = PBXContainerItemProxy;
			containerPortal = C7465F5F258C810400AF510D /* Project object */;
			proxyType = 1;
			remoteGlobalIDString = C7465F66258C810400AF510D;
			remoteInfo = Animations;
		};
/* End PBXContainerItemProxy section */

/* Begin PBXFileReference section */
		C72F80C8258D3573004BBE42 /* Animation+Extensions.swift */ = {isa = PBXFileReference; lastKnownFileType = sourcecode.swift; path = "Animation+Extensions.swift"; sourceTree = "<group>"; };
		C73FB5B3258D5D42008714A4 /* RotationView.swift */ = {isa = PBXFileReference; lastKnownFileType = sourcecode.swift; path = RotationView.swift; sourceTree = "<group>"; };
		C7465F67258C810400AF510D /* Animations.app */ = {isa = PBXFileReference; explicitFileType = wrapper.application; includeInIndex = 0; path = Animations.app; sourceTree = BUILT_PRODUCTS_DIR; };
		C7465F6A258C810400AF510D /* AnimationsApp.swift */ = {isa = PBXFileReference; lastKnownFileType = sourcecode.swift; path = AnimationsApp.swift; sourceTree = "<group>"; };
		C7465F6E258C810600AF510D /* Assets.xcassets */ = {isa = PBXFileReference; lastKnownFileType = folder.assetcatalog; path = Assets.xcassets; sourceTree = "<group>"; };
		C7465F71258C810600AF510D /* Preview Assets.xcassets */ = {isa = PBXFileReference; lastKnownFileType = folder.assetcatalog; path = "Preview Assets.xcassets"; sourceTree = "<group>"; };
		C7465F73258C810600AF510D /* Info.plist */ = {isa = PBXFileReference; lastKnownFileType = text.plist.xml; path = Info.plist; sourceTree = "<group>"; };
		C7465F78258C810600AF510D /* AnimationsTests.xctest */ = {isa = PBXFileReference; explicitFileType = wrapper.cfbundle; includeInIndex = 0; path = AnimationsTests.xctest; sourceTree = BUILT_PRODUCTS_DIR; };
		C7465F7C258C810600AF510D /* AnimationsTests.swift */ = {isa = PBXFileReference; lastKnownFileType = sourcecode.swift; path = AnimationsTests.swift; sourceTree = "<group>"; };
		C7465F7E258C810600AF510D /* Info.plist */ = {isa = PBXFileReference; lastKnownFileType = text.plist.xml; path = Info.plist; sourceTree = "<group>"; };
		C7465F83258C810600AF510D /* AnimationsUITests.xctest */ = {isa = PBXFileReference; explicitFileType = wrapper.cfbundle; includeInIndex = 0; path = AnimationsUITests.xctest; sourceTree = BUILT_PRODUCTS_DIR; };
		C7465F87258C810600AF510D /* AnimationsUITests.swift */ = {isa = PBXFileReference; lastKnownFileType = sourcecode.swift; path = AnimationsUITests.swift; sourceTree = "<group>"; };
		C7465F89258C810600AF510D /* Info.plist */ = {isa = PBXFileReference; lastKnownFileType = text.plist.xml; path = Info.plist; sourceTree = "<group>"; };
		C7465F98258C813800AF510D /* HomeView.swift */ = {isa = PBXFileReference; lastKnownFileType = sourcecode.swift; path = HomeView.swift; sourceTree = "<group>"; };
		C7465FA8258C849600AF510D /* CustomAnimations.swift */ = {isa = PBXFileReference; lastKnownFileType = sourcecode.swift; path = CustomAnimations.swift; sourceTree = "<group>"; };
		C7465FAD258C856D00AF510D /* TestButton.swift */ = {isa = PBXFileReference; lastKnownFileType = sourcecode.swift; path = TestButton.swift; sourceTree = "<group>"; };
		C7465FB9258C88B400AF510D /* CustomAnimationTypeView.swift */ = {isa = PBXFileReference; lastKnownFileType = sourcecode.swift; path = CustomAnimationTypeView.swift; sourceTree = "<group>"; };
		C79A8D2E258F243500F4FE82 /* GestureAnimationView.swift */ = {isa = PBXFileReference; lastKnownFileType = sourcecode.swift; path = GestureAnimationView.swift; sourceTree = "<group>"; };
/* End PBXFileReference section */

/* Begin PBXFrameworksBuildPhase section */
		C7465F64258C810400AF510D /* Frameworks */ = {
			isa = PBXFrameworksBuildPhase;
			buildActionMask = 2147483647;
			files = (
			);
			runOnlyForDeploymentPostprocessing = 0;
		};
		C7465F75258C810600AF510D /* Frameworks */ = {
			isa = PBXFrameworksBuildPhase;
			buildActionMask = 2147483647;
			files = (
			);
			runOnlyForDeploymentPostprocessing = 0;
		};
		C7465F80258C810600AF510D /* Frameworks */ = {
			isa = PBXFrameworksBuildPhase;
			buildActionMask = 2147483647;
			files = (
			);
			runOnlyForDeploymentPostprocessing = 0;
		};
/* End PBXFrameworksBuildPhase section */

/* Begin PBXGroup section */
		C72F80D3258D47DC004BBE42 /* CustomViews */ = {
			isa = PBXGroup;
			children = (
				C7465FAD258C856D00AF510D /* TestButton.swift */,
				C7465FB9258C88B400AF510D /* CustomAnimationTypeView.swift */,
				C73FB5B3258D5D42008714A4 /* RotationView.swift */,
				C79A8D2E258F243500F4FE82 /* GestureAnimationView.swift */,
			);
			path = CustomViews;
			sourceTree = "<group>";
		};
		C7465F5E258C810400AF510D = {
			isa = PBXGroup;
			children = (
				C7465F69258C810400AF510D /* Animations */,
				C7465F7B258C810600AF510D /* AnimationsTests */,
				C7465F86258C810600AF510D /* AnimationsUITests */,
				C7465F68258C810400AF510D /* Products */,
			);
			sourceTree = "<group>";
		};
		C7465F68258C810400AF510D /* Products */ = {
			isa = PBXGroup;
			children = (
				C7465F67258C810400AF510D /* Animations.app */,
				C7465F78258C810600AF510D /* AnimationsTests.xctest */,
				C7465F83258C810600AF510D /* AnimationsUITests.xctest */,
			);
			name = Products;
			sourceTree = "<group>";
		};
		C7465F69258C810400AF510D /* Animations */ = {
			isa = PBXGroup;
			children = (
				C72F80D3258D47DC004BBE42 /* CustomViews */,
				C7465FB5258C858100AF510D /* TabViews */,
				C7465F6A258C810400AF510D /* AnimationsApp.swift */,
				C7465F98258C813800AF510D /* HomeView.swift */,
				C7465F6E258C810600AF510D /* Assets.xcassets */,
				C7465F73258C810600AF510D /* Info.plist */,
				C7465F70258C810600AF510D /* Preview Content */,
				C72F80C8258D3573004BBE42 /* Animation+Extensions.swift */,
			);
			path = Animations;
			sourceTree = "<group>";
		};
		C7465F70258C810600AF510D /* Preview Content */ = {
			isa = PBXGroup;
			children = (
				C7465F71258C810600AF510D /* Preview Assets.xcassets */,
			);
			path = "Preview Content";
			sourceTree = "<group>";
		};
		C7465F7B258C810600AF510D /* AnimationsTests */ = {
			isa = PBXGroup;
			children = (
				C7465F7C258C810600AF510D /* AnimationsTests.swift */,
				C7465F7E258C810600AF510D /* Info.plist */,
			);
			path = AnimationsTests;
			sourceTree = "<group>";
		};
		C7465F86258C810600AF510D /* AnimationsUITests */ = {
			isa = PBXGroup;
			children = (
				C7465F87258C810600AF510D /* AnimationsUITests.swift */,
				C7465F89258C810600AF510D /* Info.plist */,
			);
			path = AnimationsUITests;
			sourceTree = "<group>";
		};
		C7465FB5258C858100AF510D /* TabViews */ = {
			isa = PBXGroup;
			children = (
				C7465FA8258C849600AF510D /* CustomAnimations.swift */,
			);
			path = TabViews;
			sourceTree = "<group>";
		};
/* End PBXGroup section */

/* Begin PBXNativeTarget section */
		C7465F66258C810400AF510D /* Animations */ = {
			isa = PBXNativeTarget;
			buildConfigurationList = C7465F8C258C810600AF510D /* Build configuration list for PBXNativeTarget "Animations" */;
			buildPhases = (
				C7465F63258C810400AF510D /* Sources */,
				C7465F64258C810400AF510D /* Frameworks */,
				C7465F65258C810400AF510D /* Resources */,
			);
			buildRules = (
			);
			dependencies = (
			);
			name = Animations;
			productName = Animations;
			productReference = C7465F67258C810400AF510D /* Animations.app */;
			productType = "com.apple.product-type.application";
		};
		C7465F77258C810600AF510D /* AnimationsTests */ = {
			isa = PBXNativeTarget;
			buildConfigurationList = C7465F8F258C810600AF510D /* Build configuration list for PBXNativeTarget "AnimationsTests" */;
			buildPhases = (
				C7465F74258C810600AF510D /* Sources */,
				C7465F75258C810600AF510D /* Frameworks */,
				C7465F76258C810600AF510D /* Resources */,
			);
			buildRules = (
			);
			dependencies = (
				C7465F7A258C810600AF510D /* PBXTargetDependency */,
			);
			name = AnimationsTests;
			productName = AnimationsTests;
			productReference = C7465F78258C810600AF510D /* AnimationsTests.xctest */;
			productType = "com.apple.product-type.bundle.unit-test";
		};
		C7465F82258C810600AF510D /* AnimationsUITests */ = {
			isa = PBXNativeTarget;
			buildConfigurationList = C7465F92258C810600AF510D /* Build configuration list for PBXNativeTarget "AnimationsUITests" */;
			buildPhases = (
				C7465F7F258C810600AF510D /* Sources */,
				C7465F80258C810600AF510D /* Frameworks */,
				C7465F81258C810600AF510D /* Resources */,
			);
			buildRules = (
			);
			dependencies = (
				C7465F85258C810600AF510D /* PBXTargetDependency */,
			);
			name = AnimationsUITests;
			productName = AnimationsUITests;
			productReference = C7465F83258C810600AF510D /* AnimationsUITests.xctest */;
			productType = "com.apple.product-type.bundle.ui-testing";
		};
/* End PBXNativeTarget section */

/* Begin PBXProject section */
		C7465F5F258C810400AF510D /* Project object */ = {
			isa = PBXProject;
			attributes = {
				LastSwiftUpdateCheck = 1230;
				LastUpgradeCheck = 1230;
				TargetAttributes = {
					C7465F66258C810400AF510D = {
						CreatedOnToolsVersion = 12.3;
					};
					C7465F77258C810600AF510D = {
						CreatedOnToolsVersion = 12.3;
						TestTargetID = C7465F66258C810400AF510D;
					};
					C7465F82258C810600AF510D = {
						CreatedOnToolsVersion = 12.3;
						TestTargetID = C7465F66258C810400AF510D;
					};
				};
			};
			buildConfigurationList = C7465F62258C810400AF510D /* Build configuration list for PBXProject "Animations" */;
			compatibilityVersion = "Xcode 9.3";
			developmentRegion = en;
			hasScannedForEncodings = 0;
			knownRegions = (
				en,
				Base,
			);
			mainGroup = C7465F5E258C810400AF510D;
			productRefGroup = C7465F68258C810400AF510D /* Products */;
			projectDirPath = "";
			projectRoot = "";
			targets = (
				C7465F66258C810400AF510D /* Animations */,
				C7465F77258C810600AF510D /* AnimationsTests */,
				C7465F82258C810600AF510D /* AnimationsUITests */,
			);
		};
/* End PBXProject section */

/* Begin PBXResourcesBuildPhase section */
		C7465F65258C810400AF510D /* Resources */ = {
			isa = PBXResourcesBuildPhase;
			buildActionMask = 2147483647;
			files = (
				C7465F72258C810600AF510D /* Preview Assets.xcassets in Resources */,
				C7465F6F258C810600AF510D /* Assets.xcassets in Resources */,
			);
			runOnlyForDeploymentPostprocessing = 0;
		};
		C7465F76258C810600AF510D /* Resources */ = {
			isa = PBXResourcesBuildPhase;
			buildActionMask = 2147483647;
			files = (
			);
			runOnlyForDeploymentPostprocessing = 0;
		};
		C7465F81258C810600AF510D /* Resources */ = {
			isa = PBXResourcesBuildPhase;
			buildActionMask = 2147483647;
			files = (
			);
			runOnlyForDeploymentPostprocessing = 0;
		};
/* End PBXResourcesBuildPhase section */

/* Begin PBXSourcesBuildPhase section */
		C7465F63258C810400AF510D /* Sources */ = {
			isa = PBXSourcesBuildPhase;
			buildActionMask = 2147483647;
			files = (
				C7465FBA258C88B400AF510D /* CustomAnimationTypeView.swift in Sources */,
				C73FB5B4258D5D42008714A4 /* RotationView.swift in Sources */,
				C7465FAE258C856D00AF510D /* TestButton.swift in Sources */,
				C7465F99258C813800AF510D /* HomeView.swift in Sources */,
				C72F80C9258D3573004BBE42 /* Animation+Extensions.swift in Sources */,
				C7465F6B258C810400AF510D /* AnimationsApp.swift in Sources */,
				C7465FA9258C849600AF510D /* CustomAnimations.swift in Sources */,
				C79A8D2F258F243500F4FE82 /* GestureAnimationView.swift in Sources */,
			);
			runOnlyForDeploymentPostprocessing = 0;
		};
		C7465F74258C810600AF510D /* Sources */ = {
			isa = PBXSourcesBuildPhase;
			buildActionMask = 2147483647;
			files = (
				C7465F7D258C810600AF510D /* AnimationsTests.swift in Sources */,
			);
			runOnlyForDeploymentPostprocessing = 0;
		};
		C7465F7F258C810600AF510D /* Sources */ = {
			isa = PBXSourcesBuildPhase;
			buildActionMask = 2147483647;
			files = (
				C7465F88258C810600AF510D /* AnimationsUITests.swift in Sources */,
			);
			runOnlyForDeploymentPostprocessing = 0;
		};
/* End PBXSourcesBuildPhase section */

/* Begin PBXTargetDependency section */
		C7465F7A258C810600AF510D /* PBXTargetDependency */ = {
			isa = PBXTargetDependency;
			target = C7465F66258C810400AF510D /* Animations */;
			targetProxy = C7465F79258C810600AF510D /* PBXContainerItemProxy */;
		};
		C7465F85258C810600AF510D /* PBXTargetDependency */ = {
			isa = PBXTargetDependency;
			target = C7465F66258C810400AF510D /* Animations */;
			targetProxy = C7465F84258C810600AF510D /* PBXContainerItemProxy */;
		};
/* End PBXTargetDependency section */

/* Begin XCBuildConfiguration section */
		C7465F8A258C810600AF510D /* Debug */ = {
			isa = XCBuildConfiguration;
			buildSettings = {
				ALWAYS_SEARCH_USER_PATHS = NO;
				CLANG_ANALYZER_NONNULL = YES;
				CLANG_ANALYZER_NUMBER_OBJECT_CONVERSION = YES_AGGRESSIVE;
				CLANG_CXX_LANGUAGE_STANDARD = "gnu++14";
				CLANG_CXX_LIBRARY = "libc++";
				CLANG_ENABLE_MODULES = YES;
				CLANG_ENABLE_OBJC_ARC = YES;
				CLANG_ENABLE_OBJC_WEAK = YES;
				CLANG_WARN_BLOCK_CAPTURE_AUTORELEASING = YES;
				CLANG_WARN_BOOL_CONVERSION = YES;
				CLANG_WARN_COMMA = YES;
				CLANG_WARN_CONSTANT_CONVERSION = YES;
				CLANG_WARN_DEPRECATED_OBJC_IMPLEMENTATIONS = YES;
				CLANG_WARN_DIRECT_OBJC_ISA_USAGE = YES_ERROR;
				CLANG_WARN_DOCUMENTATION_COMMENTS = YES;
				CLANG_WARN_EMPTY_BODY = YES;
				CLANG_WARN_ENUM_CONVERSION = YES;
				CLANG_WARN_INFINITE_RECURSION = YES;
				CLANG_WARN_INT_CONVERSION = YES;
				CLANG_WARN_NON_LITERAL_NULL_CONVERSION = YES;
				CLANG_WARN_OBJC_IMPLICIT_RETAIN_SELF = YES;
				CLANG_WARN_OBJC_LITERAL_CONVERSION = YES;
				CLANG_WARN_OBJC_ROOT_CLASS = YES_ERROR;
				CLANG_WARN_QUOTED_INCLUDE_IN_FRAMEWORK_HEADER = YES;
				CLANG_WARN_RANGE_LOOP_ANALYSIS = YES;
				CLANG_WARN_STRICT_PROTOTYPES = YES;
				CLANG_WARN_SUSPICIOUS_MOVE = YES;
				CLANG_WARN_UNGUARDED_AVAILABILITY = YES_AGGRESSIVE;
				CLANG_WARN_UNREACHABLE_CODE = YES;
				CLANG_WARN__DUPLICATE_METHOD_MATCH = YES;
				COPY_PHASE_STRIP = NO;
				DEBUG_INFORMATION_FORMAT = dwarf;
				ENABLE_STRICT_OBJC_MSGSEND = YES;
				ENABLE_TESTABILITY = YES;
				GCC_C_LANGUAGE_STANDARD = gnu11;
				GCC_DYNAMIC_NO_PIC = NO;
				GCC_NO_COMMON_BLOCKS = YES;
				GCC_OPTIMIZATION_LEVEL = 0;
				GCC_PREPROCESSOR_DEFINITIONS = (
					"DEBUG=1",
					"$(inherited)",
				);
				GCC_WARN_64_TO_32_BIT_CONVERSION = YES;
				GCC_WARN_ABOUT_RETURN_TYPE = YES_ERROR;
				GCC_WARN_UNDECLARED_SELECTOR = YES;
				GCC_WARN_UNINITIALIZED_AUTOS = YES_AGGRESSIVE;
				GCC_WARN_UNUSED_FUNCTION = YES;
				GCC_WARN_UNUSED_VARIABLE = YES;
				IPHONEOS_DEPLOYMENT_TARGET = 14.3;
				MTL_ENABLE_DEBUG_INFO = INCLUDE_SOURCE;
				MTL_FAST_MATH = YES;
				ONLY_ACTIVE_ARCH = YES;
				SDKROOT = iphoneos;
				SWIFT_ACTIVE_COMPILATION_CONDITIONS = DEBUG;
				SWIFT_OPTIMIZATION_LEVEL = "-Onone";
			};
			name = Debug;
		};
		C7465F8B258C810600AF510D /* Release */ = {
			isa = XCBuildConfiguration;
			buildSettings = {
				ALWAYS_SEARCH_USER_PATHS = NO;
				CLANG_ANALYZER_NONNULL = YES;
				CLANG_ANALYZER_NUMBER_OBJECT_CONVERSION = YES_AGGRESSIVE;
				CLANG_CXX_LANGUAGE_STANDARD = "gnu++14";
				CLANG_CXX_LIBRARY = "libc++";
				CLANG_ENABLE_MODULES = YES;
				CLANG_ENABLE_OBJC_ARC = YES;
				CLANG_ENABLE_OBJC_WEAK = YES;
				CLANG_WARN_BLOCK_CAPTURE_AUTORELEASING = YES;
				CLANG_WARN_BOOL_CONVERSION = YES;
				CLANG_WARN_COMMA = YES;
				CLANG_WARN_CONSTANT_CONVERSION = YES;
				CLANG_WARN_DEPRECATED_OBJC_IMPLEMENTATIONS = YES;
				CLANG_WARN_DIRECT_OBJC_ISA_USAGE = YES_ERROR;
				CLANG_WARN_DOCUMENTATION_COMMENTS = YES;
				CLANG_WARN_EMPTY_BODY = YES;
				CLANG_WARN_ENUM_CONVERSION = YES;
				CLANG_WARN_INFINITE_RECURSION = YES;
				CLANG_WARN_INT_CONVERSION = YES;
				CLANG_WARN_NON_LITERAL_NULL_CONVERSION = YES;
				CLANG_WARN_OBJC_IMPLICIT_RETAIN_SELF = YES;
				CLANG_WARN_OBJC_LITERAL_CONVERSION = YES;
				CLANG_WARN_OBJC_ROOT_CLASS = YES_ERROR;
				CLANG_WARN_QUOTED_INCLUDE_IN_FRAMEWORK_HEADER = YES;
				CLANG_WARN_RANGE_LOOP_ANALYSIS = YES;
				CLANG_WARN_STRICT_PROTOTYPES = YES;
				CLANG_WARN_SUSPICIOUS_MOVE = YES;
				CLANG_WARN_UNGUARDED_AVAILABILITY = YES_AGGRESSIVE;
				CLANG_WARN_UNREACHABLE_CODE = YES;
				CLANG_WARN__DUPLICATE_METHOD_MATCH = YES;
				COPY_PHASE_STRIP = NO;
				DEBUG_INFORMATION_FORMAT = "dwarf-with-dsym";
				ENABLE_NS_ASSERTIONS = NO;
				ENABLE_STRICT_OBJC_MSGSEND = YES;
				GCC_C_LANGUAGE_STANDARD = gnu11;
				GCC_NO_COMMON_BLOCKS = YES;
				GCC_WARN_64_TO_32_BIT_CONVERSION = YES;
				GCC_WARN_ABOUT_RETURN_TYPE = YES_ERROR;
				GCC_WARN_UNDECLARED_SELECTOR = YES;
				GCC_WARN_UNINITIALIZED_AUTOS = YES_AGGRESSIVE;
				GCC_WARN_UNUSED_FUNCTION = YES;
				GCC_WARN_UNUSED_VARIABLE = YES;
				IPHONEOS_DEPLOYMENT_TARGET = 14.3;
				MTL_ENABLE_DEBUG_INFO = NO;
				MTL_FAST_MATH = YES;
				SDKROOT = iphoneos;
				SWIFT_COMPILATION_MODE = wholemodule;
				SWIFT_OPTIMIZATION_LEVEL = "-O";
				VALIDATE_PRODUCT = YES;
			};
			name = Release;
		};
		C7465F8D258C810600AF510D /* Debug */ = {
			isa = XCBuildConfiguration;
			buildSettings = {
				ASSETCATALOG_COMPILER_APPICON_NAME = AppIcon;
				ASSETCATALOG_COMPILER_GLOBAL_ACCENT_COLOR_NAME = AccentColor;
				CODE_SIGN_STYLE = Automatic;
				DEVELOPMENT_ASSET_PATHS = "\"Animations/Preview Content\"";
				DEVELOPMENT_TEAM = U9929W72F4;
				ENABLE_PREVIEWS = YES;
				INFOPLIST_FILE = Animations/Info.plist;
				IPHONEOS_DEPLOYMENT_TARGET = 14.0;
				LD_RUNPATH_SEARCH_PATHS = (
					"$(inherited)",
					"@executable_path/Frameworks",
				);
				PRODUCT_BUNDLE_IDENTIFIER = com.animations.Animations;
				PRODUCT_NAME = "$(TARGET_NAME)";
				SWIFT_VERSION = 5.0;
				TARGETED_DEVICE_FAMILY = "1,2";
			};
			name = Debug;
		};
		C7465F8E258C810600AF510D /* Release */ = {
			isa = XCBuildConfiguration;
			buildSettings = {
				ASSETCATALOG_COMPILER_APPICON_NAME = AppIcon;
				ASSETCATALOG_COMPILER_GLOBAL_ACCENT_COLOR_NAME = AccentColor;
				CODE_SIGN_STYLE = Automatic;
				DEVELOPMENT_ASSET_PATHS = "\"Animations/Preview Content\"";
				DEVELOPMENT_TEAM = U9929W72F4;
				ENABLE_PREVIEWS = YES;
				INFOPLIST_FILE = Animations/Info.plist;
				IPHONEOS_DEPLOYMENT_TARGET = 14.0;
				LD_RUNPATH_SEARCH_PATHS = (
					"$(inherited)",
					"@executable_path/Frameworks",
				);
				PRODUCT_BUNDLE_IDENTIFIER = com.animations.Animations;
				PRODUCT_NAME = "$(TARGET_NAME)";
				SWIFT_VERSION = 5.0;
				TARGETED_DEVICE_FAMILY = "1,2";
			};
			name = Release;
		};
		C7465F90258C810600AF510D /* Debug */ = {
			isa = XCBuildConfiguration;
			buildSettings = {
				ALWAYS_EMBED_SWIFT_STANDARD_LIBRARIES = YES;
				BUNDLE_LOADER = "$(TEST_HOST)";
				CODE_SIGN_STYLE = Automatic;
				DEVELOPMENT_TEAM = U9929W72F4;
				INFOPLIST_FILE = AnimationsTests/Info.plist;
				IPHONEOS_DEPLOYMENT_TARGET = 14.0;
				LD_RUNPATH_SEARCH_PATHS = (
					"$(inherited)",
					"@executable_path/Frameworks",
					"@loader_path/Frameworks",
				);
				PRODUCT_BUNDLE_IDENTIFIER = com.animations.AnimationsTests;
				PRODUCT_NAME = "$(TARGET_NAME)";
				SWIFT_VERSION = 5.0;
				TARGETED_DEVICE_FAMILY = "1,2";
				TEST_HOST = "$(BUILT_PRODUCTS_DIR)/Animations.app/Animations";
			};
			name = Debug;
		};
		C7465F91258C810600AF510D /* Release */ = {
			isa = XCBuildConfiguration;
			buildSettings = {
				ALWAYS_EMBED_SWIFT_STANDARD_LIBRARIES = YES;
				BUNDLE_LOADER = "$(TEST_HOST)";
				CODE_SIGN_STYLE = Automatic;
				DEVELOPMENT_TEAM = U9929W72F4;
				INFOPLIST_FILE = AnimationsTests/Info.plist;
				IPHONEOS_DEPLOYMENT_TARGET = 14.0;
				LD_RUNPATH_SEARCH_PATHS = (
					"$(inherited)",
					"@executable_path/Frameworks",
					"@loader_path/Frameworks",
				);
				PRODUCT_BUNDLE_IDENTIFIER = com.animations.AnimationsTests;
				PRODUCT_NAME = "$(TARGET_NAME)";
				SWIFT_VERSION = 5.0;
				TARGETED_DEVICE_FAMILY = "1,2";
				TEST_HOST = "$(BUILT_PRODUCTS_DIR)/Animations.app/Animations";
			};
			name = Release;
		};
		C7465F93258C810600AF510D /* Debug */ = {
			isa = XCBuildConfiguration;
			buildSettings = {
				ALWAYS_EMBED_SWIFT_STANDARD_LIBRARIES = YES;
				CODE_SIGN_STYLE = Automatic;
				DEVELOPMENT_TEAM = U9929W72F4;
				INFOPLIST_FILE = AnimationsUITests/Info.plist;
				LD_RUNPATH_SEARCH_PATHS = (
					"$(inherited)",
					"@executable_path/Frameworks",
					"@loader_path/Frameworks",
				);
				PRODUCT_BUNDLE_IDENTIFIER = com.animations.AnimationsUITests;
				PRODUCT_NAME = "$(TARGET_NAME)";
				SWIFT_VERSION = 5.0;
				TARGETED_DEVICE_FAMILY = "1,2";
				TEST_TARGET_NAME = Animations;
			};
			name = Debug;
		};
		C7465F94258C810600AF510D /* Release */ = {
			isa = XCBuildConfiguration;
			buildSettings = {
				ALWAYS_EMBED_SWIFT_STANDARD_LIBRARIES = YES;
				CODE_SIGN_STYLE = Automatic;
				DEVELOPMENT_TEAM = U9929W72F4;
				INFOPLIST_FILE = AnimationsUITests/Info.plist;
				LD_RUNPATH_SEARCH_PATHS = (
					"$(inherited)",
					"@executable_path/Frameworks",
					"@loader_path/Frameworks",
				);
				PRODUCT_BUNDLE_IDENTIFIER = com.animations.AnimationsUITests;
				PRODUCT_NAME = "$(TARGET_NAME)";
				SWIFT_VERSION = 5.0;
				TARGETED_DEVICE_FAMILY = "1,2";
				TEST_TARGET_NAME = Animations;
			};
			name = Release;
		};
/* End XCBuildConfiguration section */

/* Begin XCConfigurationList section */
		C7465F62258C810400AF510D /* Build configuration list for PBXProject "Animations" */ = {
			isa = XCConfigurationList;
			buildConfigurations = (
				C7465F8A258C810600AF510D /* Debug */,
				C7465F8B258C810600AF510D /* Release */,
			);
			defaultConfigurationIsVisible = 0;
			defaultConfigurationName = Release;
		};
		C7465F8C258C810600AF510D /* Build configuration list for PBXNativeTarget "Animations" */ = {
			isa = XCConfigurationList;
			buildConfigurations = (
				C7465F8D258C810600AF510D /* Debug */,
				C7465F8E258C810600AF510D /* Release */,
			);
			defaultConfigurationIsVisible = 0;
			defaultConfigurationName = Release;
		};
		C7465F8F258C810600AF510D /* Build configuration list for PBXNativeTarget "AnimationsTests" */ = {
			isa = XCConfigurationList;
			buildConfigurations = (
				C7465F90258C810600AF510D /* Debug */,
				C7465F91258C810600AF510D /* Release */,
			);
			defaultConfigurationIsVisible = 0;
			defaultConfigurationName = Release;
		};
		C7465F92258C810600AF510D /* Build configuration list for PBXNativeTarget "AnimationsUITests" */ = {
			isa = XCConfigurationList;
			buildConfigurations = (
				C7465F93258C810600AF510D /* Debug */,
				C7465F94258C810600AF510D /* Release */,
			);
			defaultConfigurationIsVisible = 0;
			defaultConfigurationName = Release;
		};
/* End XCConfigurationList section */
	};
	rootObject = C7465F5F258C810400AF510D /* Project object */;
}
